
Microsoft Visual Studio Solution File, Format Version 12.00
# Visual Studio Version 16
VisualStudioVersion = 16.0.29209.152
MinimumVisualStudioVersion = 10.0.40219.1
Project("{FAE04EC0-301F-11D3-BF4B-00C04F79EFBC}") = "JogoX", "JogoX\JogoX.csproj", "{3C27168E-6E66-4BBA-A026-717D00167B2F}"
EndProject
Project("{FAE04EC0-301F-11D3-BF4B-00C04F79EFBC}") = "WindowsFormsApp1", "WindowsFormsApp1\WindowsFormsApp1.csproj", "{2467B22F-E9F2-4576-A2CC-C5C6B7CBB268}"
EndProject
Global
	GlobalSection(SolutionConfigurationPlatforms) = preSolution
		Debug|Any CPU = Debug|Any CPU
		Release|Any CPU = Release|Any CPU
	EndGlobalSection
	GlobalSection(ProjectConfigurationPlatforms) = postSolution
		{3C27168E-6E66-4BBA-A026-717D00167B2F}.Debug|Any CPU.ActiveCfg = Debug|Any CPU
		{3C27168E-6E66-4BBA-A026-717D00167B2F}.Debug|Any CPU.Build.0 = Debug|Any CPU
		{3C27168E-6E66-4BBA-A026-717D00167B2F}.Release|Any CPU.ActiveCfg = Release|Any CPU
		{3C27168E-6E66-4BBA-A026-717D00167B2F}.Release|Any CPU.Build.0 = Release|Any CPU
		{2467B22F-E9F2-4576-A2CC-C5C6B7CBB268}.Debug|Any CPU.ActiveCfg = Debug|Any CPU
		{2467B22F-E9F2-4576-A2CC-C5C6B7CBB268}.Debug|Any CPU.Build.0 = Debug|Any CPU
		{2467B22F-E9F2-4576-A2CC-C5C6B7CBB268}.Release|Any CPU.ActiveCfg = Release|Any CPU
		{2467B22F-E9F2-4576-A2CC-C5C6B7CBB268}.Release|Any CPU.Build.0 = Release|Any CPU
	EndGlobalSection
	GlobalSection(SolutionProperties) = preSolution
		HideSolutionNode = FALSE
	EndGlobalSection
	GlobalSection(ExtensibilityGlobals) = postSolution
		SolutionGuid = {BA8405EC-ED8C-4FFC-9190-BD54BEA7DD3B}
	EndGlobalSection
EndGlobal
